
Microsoft Visual Studio Solution File, Format Version 12.00
# Visual Studio Version 17
VisualStudioVersion = 17.5.33530.505
MinimumVisualStudioVersion = 10.0.40219.1
Project("{FAE04EC0-301F-11D3-BF4B-00C04F79EFBC}") = "Jwt_Token", "Jwt_Token\Jwt_Token.csproj", "{BB1D386F-CA70-47D0-BF04-FC6F62F143D3}"
EndProject
Global
	GlobalSection(SolutionConfigurationPlatforms) = preSolution
		Debug|Any CPU = Debug|Any CPU
		Release|Any CPU = Release|Any CPU
	EndGlobalSection
	GlobalSection(ProjectConfigurationPlatforms) = postSolution
		{BB1D386F-CA70-47D0-BF04-FC6F62F143D3}.Debug|Any CPU.ActiveCfg = Debug|Any CPU
		{BB1D386F-CA70-47D0-BF04-FC6F62F143D3}.Debug|Any CPU.Build.0 = Debug|Any CPU
		{BB1D386F-CA70-47D0-BF04-FC6F62F143D3}.Release|Any CPU.ActiveCfg = Release|Any CPU
		{BB1D386F-CA70-47D0-BF04-FC6F62F143D3}.Release|Any CPU.Build.0 = Release|Any CPU
	EndGlobalSection
	GlobalSection(SolutionProperties) = preSolution
		HideSolutionNode = FALSE
	EndGlobalSection
	GlobalSection(ExtensibilityGlobals) = postSolution
		SolutionGuid = {E09F41ED-7456-4029-8536-47C0D89C2473}
	EndGlobalSection
EndGlobal
