
Microsoft Visual Studio Solution File, Format Version 12.00
# Visual Studio Version 17
VisualStudioVersion = 17.5.33530.505
MinimumVisualStudioVersion = 10.0.40219.1
Project("{9A19103F-16F7-4668-BE54-9A1E7A4F7556}") = "APIGateway", "APIGateway\APIGateway.csproj", "{6418C7A3-9878-4A97-A53F-42A9CD5EA4DD}"
EndProject
Project("{2150E333-8FDC-42A3-9474-1A3956D46DE8}") = "Services", "Services", "{4EE509E4-E0A0-4437-8010-750E85F8FFF0}"
EndProject
Project("{9A19103F-16F7-4668-BE54-9A1E7A4F7556}") = "Authentication.API", "..\Services\AuthenticationAPI\Authentication.API\Authentication.API.csproj", "{0283CBDB-1477-4EFF-B9DF-3B128216704D}"
EndProject
Project("{9A19103F-16F7-4668-BE54-9A1E7A4F7556}") = "UserManagement.API", "..\Services\UserManagementAPI\UserManagement.API\UserManagement.API.csproj", "{DB804270-AD1A-4D2C-9093-918898EC7F74}"
EndProject
Project("{2150E333-8FDC-42A3-9474-1A3956D46DE8}") = "AuthenticationAPI", "AuthenticationAPI", "{A6330EED-03E0-45B1-85CF-1B25601A9C4E}"
EndProject
Project("{2150E333-8FDC-42A3-9474-1A3956D46DE8}") = "UserManagementAPI", "UserManagementAPI", "{66676DA0-0475-4EAD-9F9C-37B0BF17C407}"
EndProject
Project("{9A19103F-16F7-4668-BE54-9A1E7A4F7556}") = "Authentication.API.Infrastructure", "Authentication.API.Infrastructure\Authentication.API.Infrastructure.csproj", "{AB44A3FF-58B8-45D0-AA05-02DE452BF0A2}"
EndProject
Project("{9A19103F-16F7-4668-BE54-9A1E7A4F7556}") = "Authentication.API.Models", "Authentication.API.Models\Authentication.API.Models.csproj", "{45B08A4D-4F62-4D66-A9A6-72AEFB2F9883}"
EndProject
Project("{9A19103F-16F7-4668-BE54-9A1E7A4F7556}") = "Authentication.API.Services", "Authentication.API.Services\Authentication.API.Services.csproj", "{54325858-58A1-4ACD-9422-C6D7091AA664}"
EndProject
Project("{2150E333-8FDC-42A3-9474-1A3956D46DE8}") = "DatabaseAPI", "DatabaseAPI", "{4DEE7090-EA67-429A-8F2C-58852D2314AF}"
EndProject
Project("{9A19103F-16F7-4668-BE54-9A1E7A4F7556}") = "Database.API", "..\Services\DatabaseAPI\Database.API\Database.API.csproj", "{68B39712-161E-459F-8829-539041D41EA9}"
EndProject
Project("{9A19103F-16F7-4668-BE54-9A1E7A4F7556}") = "Database.API.Infrastructure", "..\Services\DatabaseAPI\Database.API.Infrastructure\Database.API.Infrastructure.csproj", "{AFFA056E-F50F-42B3-AB5E-D858955FB4E3}"
EndProject
Project("{9A19103F-16F7-4668-BE54-9A1E7A4F7556}") = "Database.API.Models", "..\Services\DatabaseAPI\Database.API.Models\Database.API.Models.csproj", "{488396FA-A97B-4614-95F5-EDC81C11B4E6}"
EndProject
Project("{9A19103F-16F7-4668-BE54-9A1E7A4F7556}") = "Database.API.Services", "..\Services\DatabaseAPI\Database.API.Services\Database.API.Services.csproj", "{5E0DEE4D-5629-41A4-BF93-0FC5018C4C0B}"
EndProject
Project("{9A19103F-16F7-4668-BE54-9A1E7A4F7556}") = "Shared", "..\Services\Shared\Shared.csproj", "{18BF94BC-22CD-41A2-ABA2-1DEF90059C5F}"
EndProject
Project("{9A19103F-16F7-4668-BE54-9A1E7A4F7556}") = "UserManagement.API.Infrastructure", "..\Services\UserManagementAPI\UserManagement.API.Infrastructure\UserManagement.API.Infrastructure.csproj", "{9EC2801F-1A53-4CC8-A324-BE7E9320CA6D}"
EndProject
Project("{9A19103F-16F7-4668-BE54-9A1E7A4F7556}") = "UserManagement.API.Models", "..\Services\UserManagementAPI\UserManagement.API.Models\UserManagement.API.Models.csproj", "{851DE223-9C00-44FC-A559-32171C1EB203}"
EndProject
Project("{9A19103F-16F7-4668-BE54-9A1E7A4F7556}") = "UserManagement.API.Services", "..\Services\UserManagementAPI\UserManagement.API.Services\UserManagement.API.Services.csproj", "{D0DD2CF9-8182-4169-BE77-F790FC68CD8B}"
EndProject
Project("{9A19103F-16F7-4668-BE54-9A1E7A4F7556}") = "WebAppBlazor", "WebAppBlazor\WebAppBlazor.csproj", "{76ACD4DE-05FC-4556-AD6F-4F76A7370E28}"
EndProject
Global
	GlobalSection(SolutionConfigurationPlatforms) = preSolution
		Debug|Any CPU = Debug|Any CPU
		Release|Any CPU = Release|Any CPU
	EndGlobalSection
	GlobalSection(ProjectConfigurationPlatforms) = postSolution
		{6418C7A3-9878-4A97-A53F-42A9CD5EA4DD}.Debug|Any CPU.ActiveCfg = Debug|Any CPU
		{6418C7A3-9878-4A97-A53F-42A9CD5EA4DD}.Debug|Any CPU.Build.0 = Debug|Any CPU
		{6418C7A3-9878-4A97-A53F-42A9CD5EA4DD}.Release|Any CPU.ActiveCfg = Release|Any CPU
		{6418C7A3-9878-4A97-A53F-42A9CD5EA4DD}.Release|Any CPU.Build.0 = Release|Any CPU
		{0283CBDB-1477-4EFF-B9DF-3B128216704D}.Debug|Any CPU.ActiveCfg = Debug|Any CPU
		{0283CBDB-1477-4EFF-B9DF-3B128216704D}.Debug|Any CPU.Build.0 = Debug|Any CPU
		{0283CBDB-1477-4EFF-B9DF-3B128216704D}.Release|Any CPU.ActiveCfg = Release|Any CPU
		{0283CBDB-1477-4EFF-B9DF-3B128216704D}.Release|Any CPU.Build.0 = Release|Any CPU
		{DB804270-AD1A-4D2C-9093-918898EC7F74}.Debug|Any CPU.ActiveCfg = Debug|Any CPU
		{DB804270-AD1A-4D2C-9093-918898EC7F74}.Debug|Any CPU.Build.0 = Debug|Any CPU
		{DB804270-AD1A-4D2C-9093-918898EC7F74}.Release|Any CPU.ActiveCfg = Release|Any CPU
		{DB804270-AD1A-4D2C-9093-918898EC7F74}.Release|Any CPU.Build.0 = Release|Any CPU
		{AB44A3FF-58B8-45D0-AA05-02DE452BF0A2}.Debug|Any CPU.ActiveCfg = Debug|Any CPU
		{AB44A3FF-58B8-45D0-AA05-02DE452BF0A2}.Debug|Any CPU.Build.0 = Debug|Any CPU
		{AB44A3FF-58B8-45D0-AA05-02DE452BF0A2}.Release|Any CPU.ActiveCfg = Release|Any CPU
		{AB44A3FF-58B8-45D0-AA05-02DE452BF0A2}.Release|Any CPU.Build.0 = Release|Any CPU
		{45B08A4D-4F62-4D66-A9A6-72AEFB2F9883}.Debug|Any CPU.ActiveCfg = Debug|Any CPU
		{45B08A4D-4F62-4D66-A9A6-72AEFB2F9883}.Debug|Any CPU.Build.0 = Debug|Any CPU
		{45B08A4D-4F62-4D66-A9A6-72AEFB2F9883}.Release|Any CPU.ActiveCfg = Release|Any CPU
		{45B08A4D-4F62-4D66-A9A6-72AEFB2F9883}.Release|Any CPU.Build.0 = Release|Any CPU
		{54325858-58A1-4ACD-9422-C6D7091AA664}.Debug|Any CPU.ActiveCfg = Debug|Any CPU
		{54325858-58A1-4ACD-9422-C6D7091AA664}.Debug|Any CPU.Build.0 = Debug|Any CPU
		{54325858-58A1-4ACD-9422-C6D7091AA664}.Release|Any CPU.ActiveCfg = Release|Any CPU
		{54325858-58A1-4ACD-9422-C6D7091AA664}.Release|Any CPU.Build.0 = Release|Any CPU
		{68B39712-161E-459F-8829-539041D41EA9}.Debug|Any CPU.ActiveCfg = Debug|Any CPU
		{68B39712-161E-459F-8829-539041D41EA9}.Debug|Any CPU.Build.0 = Debug|Any CPU
		{68B39712-161E-459F-8829-539041D41EA9}.Release|Any CPU.ActiveCfg = Release|Any CPU
		{68B39712-161E-459F-8829-539041D41EA9}.Release|Any CPU.Build.0 = Release|Any CPU
		{AFFA056E-F50F-42B3-AB5E-D858955FB4E3}.Debug|Any CPU.ActiveCfg = Debug|Any CPU
		{AFFA056E-F50F-42B3-AB5E-D858955FB4E3}.Debug|Any CPU.Build.0 = Debug|Any CPU
		{AFFA056E-F50F-42B3-AB5E-D858955FB4E3}.Release|Any CPU.ActiveCfg = Release|Any CPU
		{AFFA056E-F50F-42B3-AB5E-D858955FB4E3}.Release|Any CPU.Build.0 = Release|Any CPU
		{488396FA-A97B-4614-95F5-EDC81C11B4E6}.Debug|Any CPU.ActiveCfg = Debug|Any CPU
		{488396FA-A97B-4614-95F5-EDC81C11B4E6}.Debug|Any CPU.Build.0 = Debug|Any CPU
		{488396FA-A97B-4614-95F5-EDC81C11B4E6}.Release|Any CPU.ActiveCfg = Release|Any CPU
		{488396FA-A97B-4614-95F5-EDC81C11B4E6}.Release|Any CPU.Build.0 = Release|Any CPU
		{5E0DEE4D-5629-41A4-BF93-0FC5018C4C0B}.Debug|Any CPU.ActiveCfg = Debug|Any CPU
		{5E0DEE4D-5629-41A4-BF93-0FC5018C4C0B}.Debug|Any CPU.Build.0 = Debug|Any CPU
		{5E0DEE4D-5629-41A4-BF93-0FC5018C4C0B}.Release|Any CPU.ActiveCfg = Release|Any CPU
		{5E0DEE4D-5629-41A4-BF93-0FC5018C4C0B}.Release|Any CPU.Build.0 = Release|Any CPU
		{18BF94BC-22CD-41A2-ABA2-1DEF90059C5F}.Debug|Any CPU.ActiveCfg = Debug|Any CPU
		{18BF94BC-22CD-41A2-ABA2-1DEF90059C5F}.Debug|Any CPU.Build.0 = Debug|Any CPU
		{18BF94BC-22CD-41A2-ABA2-1DEF90059C5F}.Release|Any CPU.ActiveCfg = Release|Any CPU
		{18BF94BC-22CD-41A2-ABA2-1DEF90059C5F}.Release|Any CPU.Build.0 = Release|Any CPU
		{9EC2801F-1A53-4CC8-A324-BE7E9320CA6D}.Debug|Any CPU.ActiveCfg = Debug|Any CPU
		{9EC2801F-1A53-4CC8-A324-BE7E9320CA6D}.Debug|Any CPU.Build.0 = Debug|Any CPU
		{9EC2801F-1A53-4CC8-A324-BE7E9320CA6D}.Release|Any CPU.ActiveCfg = Release|Any CPU
		{9EC2801F-1A53-4CC8-A324-BE7E9320CA6D}.Release|Any CPU.Build.0 = Release|Any CPU
		{851DE223-9C00-44FC-A559-32171C1EB203}.Debug|Any CPU.ActiveCfg = Debug|Any CPU
		{851DE223-9C00-44FC-A559-32171C1EB203}.Debug|Any CPU.Build.0 = Debug|Any CPU
		{851DE223-9C00-44FC-A559-32171C1EB203}.Release|Any CPU.ActiveCfg = Release|Any CPU
		{851DE223-9C00-44FC-A559-32171C1EB203}.Release|Any CPU.Build.0 = Release|Any CPU
		{D0DD2CF9-8182-4169-BE77-F790FC68CD8B}.Debug|Any CPU.ActiveCfg = Debug|Any CPU
		{D0DD2CF9-8182-4169-BE77-F790FC68CD8B}.Debug|Any CPU.Build.0 = Debug|Any CPU
		{D0DD2CF9-8182-4169-BE77-F790FC68CD8B}.Release|Any CPU.ActiveCfg = Release|Any CPU
		{D0DD2CF9-8182-4169-BE77-F790FC68CD8B}.Release|Any CPU.Build.0 = Release|Any CPU
		{76ACD4DE-05FC-4556-AD6F-4F76A7370E28}.Debug|Any CPU.ActiveCfg = Debug|Any CPU
		{76ACD4DE-05FC-4556-AD6F-4F76A7370E28}.Debug|Any CPU.Build.0 = Debug|Any CPU
		{76ACD4DE-05FC-4556-AD6F-4F76A7370E28}.Release|Any CPU.ActiveCfg = Release|Any CPU
		{76ACD4DE-05FC-4556-AD6F-4F76A7370E28}.Release|Any CPU.Build.0 = Release|Any CPU
	EndGlobalSection
	GlobalSection(SolutionProperties) = preSolution
		HideSolutionNode = FALSE
	EndGlobalSection
	GlobalSection(NestedProjects) = preSolution
		{0283CBDB-1477-4EFF-B9DF-3B128216704D} = {A6330EED-03E0-45B1-85CF-1B25601A9C4E}
		{DB804270-AD1A-4D2C-9093-918898EC7F74} = {66676DA0-0475-4EAD-9F9C-37B0BF17C407}
		{A6330EED-03E0-45B1-85CF-1B25601A9C4E} = {4EE509E4-E0A0-4437-8010-750E85F8FFF0}
		{66676DA0-0475-4EAD-9F9C-37B0BF17C407} = {4EE509E4-E0A0-4437-8010-750E85F8FFF0}
		{AB44A3FF-58B8-45D0-AA05-02DE452BF0A2} = {A6330EED-03E0-45B1-85CF-1B25601A9C4E}
		{45B08A4D-4F62-4D66-A9A6-72AEFB2F9883} = {A6330EED-03E0-45B1-85CF-1B25601A9C4E}
		{54325858-58A1-4ACD-9422-C6D7091AA664} = {A6330EED-03E0-45B1-85CF-1B25601A9C4E}
		{4DEE7090-EA67-429A-8F2C-58852D2314AF} = {4EE509E4-E0A0-4437-8010-750E85F8FFF0}
		{68B39712-161E-459F-8829-539041D41EA9} = {4DEE7090-EA67-429A-8F2C-58852D2314AF}
		{AFFA056E-F50F-42B3-AB5E-D858955FB4E3} = {4DEE7090-EA67-429A-8F2C-58852D2314AF}
		{488396FA-A97B-4614-95F5-EDC81C11B4E6} = {4DEE7090-EA67-429A-8F2C-58852D2314AF}
		{5E0DEE4D-5629-41A4-BF93-0FC5018C4C0B} = {4DEE7090-EA67-429A-8F2C-58852D2314AF}
		{18BF94BC-22CD-41A2-ABA2-1DEF90059C5F} = {4EE509E4-E0A0-4437-8010-750E85F8FFF0}
		{9EC2801F-1A53-4CC8-A324-BE7E9320CA6D} = {66676DA0-0475-4EAD-9F9C-37B0BF17C407}
		{851DE223-9C00-44FC-A559-32171C1EB203} = {66676DA0-0475-4EAD-9F9C-37B0BF17C407}
		{D0DD2CF9-8182-4169-BE77-F790FC68CD8B} = {66676DA0-0475-4EAD-9F9C-37B0BF17C407}
	EndGlobalSection
	GlobalSection(ExtensibilityGlobals) = postSolution
		SolutionGuid = {081B80E5-AD63-4B81-960F-678694C36A8F}
	EndGlobalSection
EndGlobal
