
Microsoft Visual Studio Solution File, Format Version 12.00
# Visual Studio Version 17
VisualStudioVersion = 17.5.33530.505
MinimumVisualStudioVersion = 10.0.40219.1
Project("{FAE04EC0-301F-11D3-BF4B-00C04F79EFBC}") = "PaginationWEBAPI", "PaginationWEBAPI\PaginationWEBAPI.csproj", "{09352C94-C336-46FB-8C16-682F13B14D10}"
EndProject
Project("{FAE04EC0-301F-11D3-BF4B-00C04F79EFBC}") = "PaginationWEBAPI.BLL", "PaginationWEBAPI.BLL\PaginationWEBAPI.BLL.csproj", "{BC63E664-A662-42FB-A1D3-124D6131D683}"
EndProject
Project("{FAE04EC0-301F-11D3-BF4B-00C04F79EFBC}") = "PaginationWEBAPI.DAL", "PaginationWEBAPI.DAL\PaginationWEBAPI.DAL.csproj", "{CFF0EEFD-C5E7-4949-8BF1-57CF0C31FB2D}"
EndProject
Global
	GlobalSection(SolutionConfigurationPlatforms) = preSolution
		Debug|Any CPU = Debug|Any CPU
		Release|Any CPU = Release|Any CPU
	EndGlobalSection
	GlobalSection(ProjectConfigurationPlatforms) = postSolution
		{09352C94-C336-46FB-8C16-682F13B14D10}.Debug|Any CPU.ActiveCfg = Debug|Any CPU
		{09352C94-C336-46FB-8C16-682F13B14D10}.Debug|Any CPU.Build.0 = Debug|Any CPU
		{09352C94-C336-46FB-8C16-682F13B14D10}.Release|Any CPU.ActiveCfg = Release|Any CPU
		{09352C94-C336-46FB-8C16-682F13B14D10}.Release|Any CPU.Build.0 = Release|Any CPU
		{BC63E664-A662-42FB-A1D3-124D6131D683}.Debug|Any CPU.ActiveCfg = Debug|Any CPU
		{BC63E664-A662-42FB-A1D3-124D6131D683}.Debug|Any CPU.Build.0 = Debug|Any CPU
		{BC63E664-A662-42FB-A1D3-124D6131D683}.Release|Any CPU.ActiveCfg = Release|Any CPU
		{BC63E664-A662-42FB-A1D3-124D6131D683}.Release|Any CPU.Build.0 = Release|Any CPU
		{CFF0EEFD-C5E7-4949-8BF1-57CF0C31FB2D}.Debug|Any CPU.ActiveCfg = Debug|Any CPU
		{CFF0EEFD-C5E7-4949-8BF1-57CF0C31FB2D}.Debug|Any CPU.Build.0 = Debug|Any CPU
		{CFF0EEFD-C5E7-4949-8BF1-57CF0C31FB2D}.Release|Any CPU.ActiveCfg = Release|Any CPU
		{CFF0EEFD-C5E7-4949-8BF1-57CF0C31FB2D}.Release|Any CPU.Build.0 = Release|Any CPU
	EndGlobalSection
	GlobalSection(SolutionProperties) = preSolution
		HideSolutionNode = FALSE
	EndGlobalSection
	GlobalSection(ExtensibilityGlobals) = postSolution
		SolutionGuid = {E6639E51-0B66-4AB9-ADB3-80E7E984F84F}
	EndGlobalSection
EndGlobal
